
Microsoft Visual Studio Solution File, Format Version 12.00
# Visual Studio Version 16
VisualStudioVersion = 16.0.31624.102
MinimumVisualStudioVersion = 10.0.40219.1
Project("{FAE04EC0-301F-11D3-BF4B-00C04F79EFBC}") = "ExportToCSVApp", "ExportToCSVApp\ExportToCSVApp.csproj", "{2044AAAC-B7C4-4BE6-B0E9-ACD4650B559F}"
EndProject
Global
	GlobalSection(SolutionConfigurationPlatforms) = preSolution
		Debug|Any CPU = Debug|Any CPU
		Release|Any CPU = Release|Any CPU
	EndGlobalSection
	GlobalSection(ProjectConfigurationPlatforms) = postSolution
		{2044AAAC-B7C4-4BE6-B0E9-ACD4650B559F}.Debug|Any CPU.ActiveCfg = Debug|Any CPU
		{2044AAAC-B7C4-4BE6-B0E9-ACD4650B559F}.Debug|Any CPU.Build.0 = Debug|Any CPU
		{2044AAAC-B7C4-4BE6-B0E9-ACD4650B559F}.Release|Any CPU.ActiveCfg = Release|Any CPU
		{2044AAAC-B7C4-4BE6-B0E9-ACD4650B559F}.Release|Any CPU.Build.0 = Release|Any CPU
	EndGlobalSection
	GlobalSection(SolutionProperties) = preSolution
		HideSolutionNode = FALSE
	EndGlobalSection
	GlobalSection(ExtensibilityGlobals) = postSolution
		SolutionGuid = {06822590-0CA3-4AE8-A193-05AF144C4442}
	EndGlobalSection
EndGlobal
